PODS:
  - Alamofire (4.7.3)
  - PhoneNumberKit (2.1.0):
    - PhoneNumberKit/PhoneNumberKitCore (= 2.1.0)
    - PhoneNumberKit/UIKit (= 2.1.0)
  - PhoneNumberKit/PhoneNumberKitCore (2.1.0)
  - PhoneNumberKit/UIKit (2.1.0):
    - PhoneNumberKit/PhoneNumberKitCore

DEPENDENCIES:
  - Alamofire
  - PhoneNumberKit

SPEC REPOS:
  https://github.com/cocoapods/specs.git:
    - Alamofire
    - PhoneNumberKit

SPEC CHECKSUMS:
  Alamofire: c7287b6e5d7da964a70935e5db17046b7fde6568
  PhoneNumberKit: 62003f40ff75315fd3738286558bc365365ac222

PODFILE CHECKSUM: 2fbff38b386128d1c1378490f5ee0daf234a7106

COCOAPODS: 1.5.3
